// !$*UTF8*$!
{
	archiveVersion = 1;
	classes = {
	};
	objectVersion = 50;
	objects = {

/* Begin PBXBuildFile section */
		26DB3BB9225D48A500B5DFE2 /* AppDelegate.swift in Sources */ = {isa = PBXBuildFile; fileRef = 26DB3BB8225D48A500B5DFE2 /* AppDelegate.swift */; };
		26DB3BBB225D48A500B5DFE2 /* ViewController.swift in Sources */ = {isa = PBXBuildFile; fileRef = 26DB3BBA225D48A500B5DFE2 /* ViewController.swift */; };
		26DB3BBE225D48A500B5DFE2 /* Main.storyboard in Resources */ = {isa = PBXBuildFile; fileRef = 26DB3BBC225D48A500B5DFE2 /* Main.storyboard */; };
		26DB3BC1225D48A500B5DFE2 /* videoPlayer.xcdatamodeld in Sources */ = {isa = PBXBuildFile; fileRef = 26DB3BBF225D48A500B5DFE2 /* videoPlayer.xcdatamodeld */; };
		26DB3BC3225D48A700B5DFE2 /* Assets.xcassets in Resources */ = {isa = PBXBuildFile; fileRef = 26DB3BC2225D48A700B5DFE2 /* Assets.xcassets */; };
		26DB3BC6225D48A700B5DFE2 /* LaunchScreen.storyboard in Resources */ = {isa = PBXBuildFile; fileRef = 26DB3BC4225D48A700B5DFE2 /* LaunchScreen.storyboard */; };
		26DB3BD1225D48A800B5DFE2 /* videoPlayerTests.swift in Sources */ = {isa = PBXBuildFile; fileRef = 26DB3BD0225D48A800B5DFE2 /* videoPlayerTests.swift */; };
		26DB3BDC225D48A800B5DFE2 /* videoPlayerUITests.swift in Sources */ = {isa = PBXBuildFile; fileRef = 26DB3BDB225D48A800B5DFE2 /* videoPlayerUITests.swift */; };
		26DB3BEC225D518500B5DFE2 /* myToDo.mp4 in Resources */ = {isa = PBXBuildFile; fileRef = 26DB3BEB225D518500B5DFE2 /* myToDo.mp4 */; };
		26DB3BF0225D572700B5DFE2 /* AVFoundation.framework in Frameworks */ = {isa = PBXBuildFile; fileRef = 26DB3BEE225D572700B5DFE2 /* AVFoundation.framework */; };
		26DB3BF1225D572700B5DFE2 /* AVKit.framework in Frameworks */ = {isa = PBXBuildFile; fileRef = 26DB3BEF225D572700B5DFE2 /* AVKit.framework */; };
/* End PBXBuildFile section */

/* Begin PBXContainerItemProxy section */
		26DB3BCD225D48A800B5DFE2 /* PBXContainerItemProxy */ = {
			isa = PBXContainerItemProxy;
			containerPortal = 26DB3BAD225D48A500B5DFE2 /* Project object */;
			proxyType = 1;
			remoteGlobalIDString = 26DB3BB4225D48A500B5DFE2;
			remoteInfo = videoPlayer;
		};
		26DB3BD8225D48A800B5DFE2 /* PBXContainerItemProxy */ = {
			isa = PBXContainerItemProxy;
			containerPortal = 26DB3BAD225D48A500B5DFE2 /* Project object */;
			proxyType = 1;
			remoteGlobalIDString = 26DB3BB4225D48A500B5DFE2;
			remoteInfo = videoPlayer;
		};
/* End PBXContainerItemProxy section */

/* Begin PBXFileReference section */
		26DB3BB5225D48A500B5DFE2 /* videoPlayer.app */ = {isa = PBXFileReference; explicitFileType = wrapper.application; includeInIndex = 0; path = videoPlayer.app; sourceTree = BUILT_PRODUCTS_DIR; };
		26DB3BB8225D48A500B5DFE2 /* AppDelegate.swift */ = {isa = PBXFileReference; lastKnownFileType = sourcecode.swift; path = AppDelegate.swift; sourceTree = "<group>"; };
		26DB3BBA225D48A500B5DFE2 /* ViewController.swift */ = {isa = PBXFileReference; lastKnownFileType = sourcecode.swift; path = ViewController.swift; sourceTree = "<group>"; };
		26DB3BBD225D48A500B5DFE2 /* Base */ = {isa = PBXFileReference; lastKnownFileType = file.storyboard; name = Base; path = Base.lproj/Main.storyboard; sourceTree = "<group>"; };
		26DB3BC0225D48A500B5DFE2 /* videoPlayer.xcdatamodel */ = {isa = PBXFileReference; lastKnownFileType = wrapper.xcdatamodel; path = videoPlayer.xcdatamodel; sourceTree = "<group>"; };
		26DB3BC2225D48A700B5DFE2 /* Assets.xcassets */ = {isa = PBXFileReference; lastKnownFileType = folder.assetcatalog; path = Assets.xcassets; sourceTree = "<group>"; };
		26DB3BC5225D48A700B5DFE2 /* Base */ = {isa = PBXFileReference; lastKnownFileType = file.storyboard; name = Base; path = Base.lproj/LaunchScreen.storyboard; sourceTree = "<group>"; };
		26DB3BC7225D48A700B5DFE2 /* Info.plist */ = {isa = PBXFileReference; lastKnownFileType = text.plist.xml; path = Info.plist; sourceTree = "<group>"; };
		26DB3BCC225D48A800B5DFE2 /* videoPlayerTests.xctest */ = {isa = PBXFileReference; explicitFileType = wrapper.cfbundle; includeInIndex = 0; path = videoPlayerTests.xctest; sourceTree = BUILT_PRODUCTS_DIR; };
		26DB3BD0225D48A800B5DFE2 /* videoPlayerTests.swift */ = {isa = PBXFileReference; lastKnownFileType = sourcecode.swift; path = videoPlayerTests.swift; sourceTree = "<group>"; };
		26DB3BD2225D48A800B5DFE2 /* Info.plist */ = {isa = PBXFileReference; lastKnownFileType = text.plist.xml; path = Info.plist; sourceTree = "<group>"; };
		26DB3BD7225D48A800B5DFE2 /* videoPlayerUITests.xctest */ = {isa = PBXFileReference; explicitFileType = wrapper.cfbundle; includeInIndex = 0; path = videoPlayerUITests.xctest; sourceTree = BUILT_PRODUCTS_DIR; };
		26DB3BDB225D48A800B5DFE2 /* videoPlayerUITests.swift */ = {isa = PBXFileReference; lastKnownFileType = sourcecode.swift; path = videoPlayerUITests.swift; sourceTree = "<group>"; };
		26DB3BDD225D48A800B5DFE2 /* Info.plist */ = {isa = PBXFileReference; lastKnownFileType = text.plist.xml; path = Info.plist; sourceTree = "<group>"; };
		26DB3BEB225D518500B5DFE2 /* myToDo.mp4 */ = {isa = PBXFileReference; lastKnownFileType = file; path = myToDo.mp4; sourceTree = "<group>"; };
		26DB3BEE225D572700B5DFE2 /* AVFoundation.framework */ = {isa = PBXFileReference; lastKnownFileType = wrapper.framework; name = AVFoundation.framework; path = System/Library/Frameworks/AVFoundation.framework; sourceTree = SDKROOT; };
		26DB3BEF225D572700B5DFE2 /* AVKit.framework */ = {isa = PBXFileReference; lastKnownFileType = wrapper.framework; name = AVKit.framework; path = System/Library/Frameworks/AVKit.framework; sourceTree = SDKROOT; };
/* End PBXFileReference section */

/* Begin PBXFrameworksBuildPhase section */
		26DB3BB2225D48A500B5DFE2 /* Frameworks */ = {
			isa = PBXFrameworksBuildPhase;
			buildActionMask = 2147483647;
			files = (
				26DB3BF0225D572700B5DFE2 /* AVFoundation.framework in Frameworks */,
				26DB3BF1225D572700B5DFE2 /* AVKit.framework in Frameworks */,
			);
			runOnlyForDeploymentPostprocessing = 0;
		};
		26DB3BC9225D48A800B5DFE2 /* Frameworks */ = {
			isa = PBXFrameworksBuildPhase;
			buildActionMask = 2147483647;
			files = (
			);
			runOnlyForDeploymentPostprocessing = 0;
		};
		26DB3BD4225D48A800B5DFE2 /* Frameworks */ = {
			isa = PBXFrameworksBuildPhase;
			buildActionMask = 2147483647;
			files = (
			);
			runOnlyForDeploymentPostprocessing = 0;
		};
/* End PBXFrameworksBuildPhase section */

/* Begin PBXGroup section */
		26DB3BAC225D48A500B5DFE2 = {
			isa = PBXGroup;
			children = (
				26DB3BEB225D518500B5DFE2 /* myToDo.mp4 */,
				26DB3BB7225D48A500B5DFE2 /* videoPlayer */,
				26DB3BCF225D48A800B5DFE2 /* videoPlayerTests */,
				26DB3BDA225D48A800B5DFE2 /* videoPlayerUITests */,
				26DB3BB6225D48A500B5DFE2 /* Products */,
				26DB3BED225D572700B5DFE2 /* Frameworks */,
			);
			sourceTree = "<group>";
		};
		26DB3BB6225D48A500B5DFE2 /* Products */ = {
			isa = PBXGroup;
			children = (
				26DB3BB5225D48A500B5DFE2 /* videoPlayer.app */,
				26DB3BCC225D48A800B5DFE2 /* videoPlayerTests.xctest */,
				26DB3BD7225D48A800B5DFE2 /* videoPlayerUITests.xctest */,
			);
			name = Products;
			sourceTree = "<group>";
		};
		26DB3BB7225D48A500B5DFE2 /* videoPlayer */ = {
			isa = PBXGroup;
			children = (
				26DB3BB8225D48A500B5DFE2 /* AppDelegate.swift */,
				26DB3BBA225D48A500B5DFE2 /* ViewController.swift */,
				26DB3BBC225D48A500B5DFE2 /* Main.storyboard */,
				26DB3BC2225D48A700B5DFE2 /* Assets.xcassets */,
				26DB3BC4225D48A700B5DFE2 /* LaunchScreen.storyboard */,
				26DB3BC7225D48A700B5DFE2 /* Info.plist */,
				26DB3BBF225D48A500B5DFE2 /* videoPlayer.xcdatamodeld */,
			);
			path = videoPlayer;
			sourceTree = "<group>";
		};
		26DB3BCF225D48A800B5DFE2 /* videoPlayerTests */ = {
			isa = PBXGroup;
			children = (
				26DB3BD0225D48A800B5DFE2 /* videoPlayerTests.swift */,
				26DB3BD2225D48A800B5DFE2 /* Info.plist */,
			);
			path = videoPlayerTests;
			sourceTree = "<group>";
		};
		26DB3BDA225D48A800B5DFE2 /* videoPlayerUITests */ = {
			isa = PBXGroup;
			children = (
				26DB3BDB225D48A800B5DFE2 /* videoPlayerUITests.swift */,
				26DB3BDD225D48A800B5DFE2 /* Info.plist */,
			);
			path = videoPlayerUITests;
			sourceTree = "<group>";
		};
		26DB3BED225D572700B5DFE2 /* Frameworks */ = {
			isa = PBXGroup;
			children = (
				26DB3BEE225D572700B5DFE2 /* AVFoundation.framework */,
				26DB3BEF225D572700B5DFE2 /* AVKit.framework */,
			);
			name = Frameworks;
			sourceTree = "<group>";
		};
/* End PBXGroup section */

/* Begin PBXNativeTarget section */
		26DB3BB4225D48A500B5DFE2 /* videoPlayer */ = {
			isa = PBXNativeTarget;
			buildConfigurationList = 26DB3BE0225D48A800B5DFE2 /* Build configuration list for PBXNativeTarget "videoPlayer" */;
			buildPhases = (
				26DB3BB1225D48A500B5DFE2 /* Sources */,
				26DB3BB2225D48A500B5DFE2 /* Frameworks */,
				26DB3BB3225D48A500B5DFE2 /* Resources */,
			);
			buildRules = (
			);
			dependencies = (
			);
			name = videoPlayer;
			productName = videoPlayer;
			productReference = 26DB3BB5225D48A500B5DFE2 /* videoPlayer.app */;
			productType = "com.apple.product-type.application";
		};
		26DB3BCB225D48A800B5DFE2 /* videoPlayerTests */ = {
			isa = PBXNativeTarget;
			buildConfigurationList = 26DB3BE3225D48A800B5DFE2 /* Build configuration list for PBXNativeTarget "videoPlayerTests" */;
			buildPhases = (
				26DB3BC8225D48A800B5DFE2 /* Sources */,
				26DB3BC9225D48A800B5DFE2 /* Frameworks */,
				26DB3BCA225D48A800B5DFE2 /* Resources */,
			);
			buildRules = (
			);
			dependencies = (
				26DB3BCE225D48A800B5DFE2 /* PBXTargetDependency */,
			);
			name = videoPlayerTests;
			productName = videoPlayerTests;
			productReference = 26DB3BCC225D48A800B5DFE2 /* videoPlayerTests.xctest */;
			productType = "com.apple.product-type.bundle.unit-test";
		};
		26DB3BD6225D48A800B5DFE2 /* videoPlayerUITests */ = {
			isa = PBXNativeTarget;
			buildConfigurationList = 26DB3BE6225D48A800B5DFE2 /* Build configuration list for PBXNativeTarget "videoPlayerUITests" */;
			buildPhases = (
				26DB3BD3225D48A800B5DFE2 /* Sources */,
				26DB3BD4225D48A800B5DFE2 /* Frameworks */,
				26DB3BD5225D48A800B5DFE2 /* Resources */,
			);
			buildRules = (
			);
			dependencies = (
				26DB3BD9225D48A800B5DFE2 /* PBXTargetDependency */,
			);
			name = videoPlayerUITests;
			productName = videoPlayerUITests;
			productReference = 26DB3BD7225D48A800B5DFE2 /* videoPlayerUITests.xctest */;
			productType = "com.apple.product-type.bundle.ui-testing";
		};
/* End PBXNativeTarget section */

/* Begin PBXProject section */
		26DB3BAD225D48A500B5DFE2 /* Project object */ = {
			isa = PBXProject;
			attributes = {
				LastSwiftUpdateCheck = 1020;
				LastUpgradeCheck = 1020;
				ORGANIZATIONNAME = "Naga Rani, Chalam";
				TargetAttributes = {
					26DB3BB4225D48A500B5DFE2 = {
						CreatedOnToolsVersion = 10.2;
					};
					26DB3BCB225D48A800B5DFE2 = {
						CreatedOnToolsVersion = 10.2;
						TestTargetID = 26DB3BB4225D48A500B5DFE2;
					};
					26DB3BD6225D48A800B5DFE2 = {
						CreatedOnToolsVersion = 10.2;
						TestTargetID = 26DB3BB4225D48A500B5DFE2;
					};
				};
			};
			buildConfigurationList = 26DB3BB0225D48A500B5DFE2 /* Build configuration list for PBXProject "videoPlayer" */;
			compatibilityVersion = "Xcode 9.3";
			developmentRegion = en;
			hasScannedForEncodings = 0;
			knownRegions = (
				en,
				Base,
			);
			mainGroup = 26DB3BAC225D48A500B5DFE2;
			productRefGroup = 26DB3BB6225D48A500B5DFE2 /* Products */;
			projectDirPath = "";
			projectRoot = "";
			targets = (
				26DB3BB4225D48A500B5DFE2 /* videoPlayer */,
				26DB3BCB225D48A800B5DFE2 /* videoPlayerTests */,
				26DB3BD6225D48A800B5DFE2 /* videoPlayerUITests */,
			);
		};
/* End PBXProject section */

/* Begin PBXResourcesBuildPhase section */
		26DB3BB3225D48A500B5DFE2 /* Resources */ = {
			isa = PBXResourcesBuildPhase;
			buildActionMask = 2147483647;
			files = (
				26DB3BEC225D518500B5DFE2 /* myToDo.mp4 in Resources */,
				26DB3BC6225D48A700B5DFE2 /* LaunchScreen.storyboard in Resources */,
				26DB3BC3225D48A700B5DFE2 /* Assets.xcassets in Resources */,
				26DB3BBE225D48A500B5DFE2 /* Main.storyboard in Resources */,
			);
			runOnlyForDeploymentPostprocessing = 0;
		};
		26DB3BCA225D48A800B5DFE2 /* Resources */ = {
			isa = PBXResourcesBuildPhase;
			buildActionMask = 2147483647;
			files = (
			);
			runOnlyForDeploymentPostprocessing = 0;
		};
		26DB3BD5225D48A800B5DFE2 /* Resources */ = {
			isa = PBXResourcesBuildPhase;
			buildActionMask = 2147483647;
			files = (
			);
			runOnlyForDeploymentPostprocessing = 0;
		};
/* End PBXResourcesBuildPhase section */

/* Begin PBXSourcesBuildPhase section */
		26DB3BB1225D48A500B5DFE2 /* Sources */ = {
			isa = PBXSourcesBuildPhase;
			buildActionMask = 2147483647;
			files = (
				26DB3BC1225D48A500B5DFE2 /* videoPlayer.xcdatamodeld in Sources */,
				26DB3BBB225D48A500B5DFE2 /* ViewController.swift in Sources */,
				26DB3BB9225D48A500B5DFE2 /* AppDelegate.swift in Sources */,
			);
			runOnlyForDeploymentPostprocessing = 0;
		};
		26DB3BC8225D48A800B5DFE2 /* Sources */ = {
			isa = PBXSourcesBuildPhase;
			buildActionMask = 2147483647;
			files = (
				26DB3BD1225D48A800B5DFE2 /* videoPlayerTests.swift in Sources */,
			);
			runOnlyForDeploymentPostprocessing = 0;
		};
		26DB3BD3225D48A800B5DFE2 /* Sources */ = {
			isa = PBXSourcesBuildPhase;
			buildActionMask = 2147483647;
			files = (
				26DB3BDC225D48A800B5DFE2 /* videoPlayerUITests.swift in Sources */,
			);
			runOnlyForDeploymentPostprocessing = 0;
		};
/* End PBXSourcesBuildPhase section */

/* Begin PBXTargetDependency section */
		26DB3BCE225D48A800B5DFE2 /* PBXTargetDependency */ = {
			isa = PBXTargetDependency;
			target = 26DB3BB4225D48A500B5DFE2 /* videoPlayer */;
			targetProxy = 26DB3BCD225D48A800B5DFE2 /* PBXContainerItemProxy */;
		};
		26DB3BD9225D48A800B5DFE2 /* PBXTargetDependency */ = {
			isa = PBXTargetDependency;
			target = 26DB3BB4225D48A500B5DFE2 /* videoPlayer */;
			targetProxy = 26DB3BD8225D48A800B5DFE2 /* PBXContainerItemProxy */;
		};
/* End PBXTargetDependency section */

/* Begin PBXVariantGroup section */
		26DB3BBC225D48A500B5DFE2 /* Main.storyboard */ = {
			isa = PBXVariantGroup;
			children = (
				26DB3BBD225D48A500B5DFE2 /* Base */,
			);
			name = Main.storyboard;
			sourceTree = "<group>";
		};
		26DB3BC4225D48A700B5DFE2 /* LaunchScreen.storyboard */ = {
			isa = PBXVariantGroup;
			children = (
				26DB3BC5225D48A700B5DFE2 /* Base */,
			);
			name = LaunchScreen.storyboard;
			sourceTree = "<group>";
		};
/* End PBXVariantGroup section */

/* Begin XCBuildConfiguration section */
		26DB3BDE225D48A800B5DFE2 /* Debug */ = {
			isa = XCBuildConfiguration;
			buildSettings = {
				ALWAYS_SEARCH_USER_PATHS = NO;
				CLANG_ANALYZER_NONNULL = YES;
				CLANG_ANALYZER_NUMBER_OBJECT_CONVERSION = YES_AGGRESSIVE;
				CLANG_CXX_LANGUAGE_STANDARD = "gnu++14";
				CLANG_CXX_LIBRARY = "libc++";
				CLANG_ENABLE_MODULES = YES;
				CLANG_ENABLE_OBJC_ARC = YES;
				CLANG_ENABLE_OBJC_WEAK = YES;
				CLANG_WARN_BLOCK_CAPTURE_AUTORELEASING = YES;
				CLANG_WARN_BOOL_CONVERSION = YES;
				CLANG_WARN_COMMA = YES;
				CLANG_WARN_CONSTANT_CONVERSION = YES;
				CLANG_WARN_DEPRECATED_OBJC_IMPLEMENTATIONS = YES;
				CLANG_WARN_DIRECT_OBJC_ISA_USAGE = YES_ERROR;
				CLANG_WARN_DOCUMENTATION_COMMENTS = YES;
				CLANG_WARN_EMPTY_BODY = YES;
				CLANG_WARN_ENUM_CONVERSION = YES;
				CLANG_WARN_INFINITE_RECURSION = YES;
				CLANG_WARN_INT_CONVERSION = YES;
				CLANG_WARN_NON_LITERAL_NULL_CONVERSION = YES;
				CLANG_WARN_OBJC_IMPLICIT_RETAIN_SELF = YES;
				CLANG_WARN_OBJC_LITERAL_CONVERSION = YES;
				CLANG_WARN_OBJC_ROOT_CLASS = YES_ERROR;
				CLANG_WARN_RANGE_LOOP_ANALYSIS = YES;
				CLANG_WARN_STRICT_PROTOTYPES = YES;
				CLANG_WARN_SUSPICIOUS_MOVE = YES;
				CLANG_WARN_UNGUARDED_AVAILABILITY = YES_AGGRESSIVE;
				CLANG_WARN_UNREACHABLE_CODE = YES;
				CLANG_WARN__DUPLICATE_METHOD_MATCH = YES;
				CODE_SIGN_IDENTITY = "iPhone Developer";
				COPY_PHASE_STRIP = NO;
				DEBUG_INFORMATION_FORMAT = dwarf;
				ENABLE_STRICT_OBJC_MSGSEND = YES;
				ENABLE_TESTABILITY = YES;
				GCC_C_LANGUAGE_STANDARD = gnu11;
				GCC_DYNAMIC_NO_PIC = NO;
				GCC_NO_COMMON_BLOCKS = YES;
				GCC_OPTIMIZATION_LEVEL = 0;
				GCC_PREPROCESSOR_DEFINITIONS = (
					"DEBUG=1",
					"$(inherited)",
				);
				GCC_WARN_64_TO_32_BIT_CONVERSION = YES;
				GCC_WARN_ABOUT_RETURN_TYPE = YES_ERROR;
				GCC_WARN_UNDECLARED_SELECTOR = YES;
				GCC_WARN_UNINITIALIZED_AUTOS = YES_AGGRESSIVE;
				GCC_WARN_UNUSED_FUNCTION = YES;
				GCC_WARN_UNUSED_VARIABLE = YES;
				IPHONEOS_DEPLOYMENT_TARGET = 12.2;
				MTL_ENABLE_DEBUG_INFO = INCLUDE_SOURCE;
				MTL_FAST_MATH = YES;
				ONLY_ACTIVE_ARCH = YES;
				SDKROOT = iphoneos;
				SWIFT_ACTIVE_COMPILATION_CONDITIONS = DEBUG;
				SWIFT_OPTIMIZATION_LEVEL = "-Onone";
			};
			name = Debug;
		};
		26DB3BDF225D48A800B5DFE2 /* Release */ = {
			isa = XCBuildConfiguration;
			buildSettings = {
				ALWAYS_SEARCH_USER_PATHS = NO;
				CLANG_ANALYZER_NONNULL = YES;
				CLANG_ANALYZER_NUMBER_OBJECT_CONVERSION = YES_AGGRESSIVE;
				CLANG_CXX_LANGUAGE_STANDARD = "gnu++14";
				CLANG_CXX_LIBRARY = "libc++";
				CLANG_ENABLE_MODULES = YES;
				CLANG_ENABLE_OBJC_ARC = YES;
				CLANG_ENABLE_OBJC_WEAK = YES;
				CLANG_WARN_BLOCK_CAPTURE_AUTORELEASING = YES;
				CLANG_WARN_BOOL_CONVERSION = YES;
				CLANG_WARN_COMMA = YES;
				CLANG_WARN_CONSTANT_CONVERSION = YES;
				CLANG_WARN_DEPRECATED_OBJC_IMPLEMENTATIONS = YES;
				CLANG_WARN_DIRECT_OBJC_ISA_USAGE = YES_ERROR;
				CLANG_WARN_DOCUMENTATION_COMMENTS = YES;
				CLANG_WARN_EMPTY_BODY = YES;
				CLANG_WARN_ENUM_CONVERSION = YES;
				CLANG_WARN_INFINITE_RECURSION = YES;
				CLANG_WARN_INT_CONVERSION = YES;
				CLANG_WARN_NON_LITERAL_NULL_CONVERSION = YES;
				CLANG_WARN_OBJC_IMPLICIT_RETAIN_SELF = YES;
				CLANG_WARN_OBJC_LITERAL_CONVERSION = YES;
				CLANG_WARN_OBJC_ROOT_CLASS = YES_ERROR;
				CLANG_WARN_RANGE_LOOP_ANALYSIS = YES;
				CLANG_WARN_STRICT_PROTOTYPES = YES;
				CLANG_WARN_SUSPICIOUS_MOVE = YES;
				CLANG_WARN_UNGUARDED_AVAILABILITY = YES_AGGRESSIVE;
				CLANG_WARN_UNREACHABLE_CODE = YES;
				CLANG_WARN__DUPLICATE_METHOD_MATCH = YES;
				CODE_SIGN_IDENTITY = "iPhone Developer";
				COPY_PHASE_STRIP = NO;
				DEBUG_INFORMATION_FORMAT = "dwarf-with-dsym";
				ENABLE_NS_ASSERTIONS = NO;
				ENABLE_STRICT_OBJC_MSGSEND = YES;
				GCC_C_LANGUAGE_STANDARD = gnu11;
				GCC_NO_COMMON_BLOCKS = YES;
				GCC_WARN_64_TO_32_BIT_CONVERSION = YES;
				GCC_WARN_ABOUT_RETURN_TYPE = YES_ERROR;
				GCC_WARN_UNDECLARED_SELECTOR = YES;
				GCC_WARN_UNINITIALIZED_AUTOS = YES_AGGRESSIVE;
				GCC_WARN_UNUSED_FUNCTION = YES;
				GCC_WARN_UNUSED_VARIABLE = YES;
				IPHONEOS_DEPLOYMENT_TARGET = 12.2;
				MTL_ENABLE_DEBUG_INFO = NO;
				MTL_FAST_MATH = YES;
				SDKROOT = iphoneos;
				SWIFT_COMPILATION_MODE = wholemodule;
				SWIFT_OPTIMIZATION_LEVEL = "-O";
				VALIDATE_PRODUCT = YES;
			};
			name = Release;
		};
		26DB3BE1225D48A800B5DFE2 /* Debug */ = {
			isa = XCBuildConfiguration;
			buildSettings = {
				ASSETCATALOG_COMPILER_APPICON_NAME = AppIcon;
				CODE_SIGN_STYLE = Automatic;
				DEVELOPMENT_TEAM = G4SSPX3CBL;
				INFOPLIST_FILE = videoPlayer/Info.plist;
				LD_RUNPATH_SEARCH_PATHS = (
					"$(inherited)",
					"@executable_path/Frameworks",
				);
				PRODUCT_BUNDLE_IDENTIFIER = com.intuit.ctodevmobile.videoPlayer;
				PRODUCT_NAME = "$(TARGET_NAME)";
				SWIFT_VERSION = 5.0;
				TARGETED_DEVICE_FAMILY = "1,2";
			};
			name = Debug;
		};
		26DB3BE2225D48A800B5DFE2 /* Release */ = {
			isa = XCBuildConfiguration;
			buildSettings = {
				ASSETCATALOG_COMPILER_APPICON_NAME = AppIcon;
				CODE_SIGN_STYLE = Automatic;
				DEVELOPMENT_TEAM = G4SSPX3CBL;
				INFOPLIST_FILE = videoPlayer/Info.plist;
				LD_RUNPATH_SEARCH_PATHS = (
					"$(inherited)",
					"@executable_path/Frameworks",
				);
				PRODUCT_BUNDLE_IDENTIFIER = com.intuit.ctodevmobile.videoPlayer;
				PRODUCT_NAME = "$(TARGET_NAME)";
				SWIFT_VERSION = 5.0;
				TARGETED_DEVICE_FAMILY = "1,2";
			};
			name = Release;
		};
		26DB3BE4225D48A800B5DFE2 /* Debug */ = {
			isa = XCBuildConfiguration;
			buildSettings = {
				ALWAYS_EMBED_SWIFT_STANDARD_LIBRARIES = YES;
				BUNDLE_LOADER = "$(TEST_HOST)";
				CODE_SIGN_STYLE = Automatic;
				DEVELOPMENT_TEAM = G4SSPX3CBL;
				INFOPLIST_FILE = videoPlayerTests/Info.plist;
				LD_RUNPATH_SEARCH_PATHS = (
					"$(inherited)",
					"@executable_path/Frameworks",
					"@loader_path/Frameworks",
				);
				PRODUCT_BUNDLE_IDENTIFIER = com.intuit.ctodevmobile.videoPlayerTests;
				PRODUCT_NAME = "$(TARGET_NAME)";
				SWIFT_VERSION = 5.0;
				TARGETED_DEVICE_FAMILY = "1,2";
				TEST_HOST = "$(BUILT_PRODUCTS_DIR)/videoPlayer.app/videoPlayer";
			};
			name = Debug;
		};
		26DB3BE5225D48A800B5DFE2 /* Release */ = {
			isa = XCBuildConfiguration;
			buildSettings = {
				ALWAYS_EMBED_SWIFT_STANDARD_LIBRARIES = YES;
				BUNDLE_LOADER = "$(TEST_HOST)";
				CODE_SIGN_STYLE = Automatic;
				DEVELOPMENT_TEAM = G4SSPX3CBL;
				INFOPLIST_FILE = videoPlayerTests/Info.plist;
				LD_RUNPATH_SEARCH_PATHS = (
					"$(inherited)",
					"@executable_path/Frameworks",
					"@loader_path/Frameworks",
				);
				PRODUCT_BUNDLE_IDENTIFIER = com.intuit.ctodevmobile.videoPlayerTests;
				PRODUCT_NAME = "$(TARGET_NAME)";
				SWIFT_VERSION = 5.0;
				TARGETED_DEVICE_FAMILY = "1,2";
				TEST_HOST = "$(BUILT_PRODUCTS_DIR)/videoPlayer.app/videoPlayer";
			};
			name = Release;
		};
		26DB3BE7225D48A800B5DFE2 /* Debug */ = {
			isa = XCBuildConfiguration;
			buildSettings = {
				ALWAYS_EMBED_SWIFT_STANDARD_LIBRARIES = YES;
				CODE_SIGN_STYLE = Automatic;
				DEVELOPMENT_TEAM = G4SSPX3CBL;
				INFOPLIST_FILE = videoPlayerUITests/Info.plist;
				LD_RUNPATH_SEARCH_PATHS = (
					"$(inherited)",
					"@executable_path/Frameworks",
					"@loader_path/Frameworks",
				);
				PRODUCT_BUNDLE_IDENTIFIER = com.intuit.ctodevmobile.videoPlayerUITests;
				PRODUCT_NAME = "$(TARGET_NAME)";
				SWIFT_VERSION = 5.0;
				TARGETED_DEVICE_FAMILY = "1,2";
				TEST_TARGET_NAME = videoPlayer;
			};
			name = Debug;
		};
		26DB3BE8225D48A800B5DFE2 /* Release */ = {
			isa = XCBuildConfiguration;
			buildSettings = {
				ALWAYS_EMBED_SWIFT_STANDARD_LIBRARIES = YES;
				CODE_SIGN_STYLE = Automatic;
				DEVELOPMENT_TEAM = G4SSPX3CBL;
				INFOPLIST_FILE = videoPlayerUITests/Info.plist;
				LD_RUNPATH_SEARCH_PATHS = (
					"$(inherited)",
					"@executable_path/Frameworks",
					"@loader_path/Frameworks",
				);
				PRODUCT_BUNDLE_IDENTIFIER = com.intuit.ctodevmobile.videoPlayerUITests;
				PRODUCT_NAME = "$(TARGET_NAME)";
				SWIFT_VERSION = 5.0;
				TARGETED_DEVICE_FAMILY = "1,2";
				TEST_TARGET_NAME = videoPlayer;
			};
			name = Release;
		};
/* End XCBuildConfiguration section */

/* Begin XCConfigurationList section */
		26DB3BB0225D48A500B5DFE2 /* Build configuration list for PBXProject "videoPlayer" */ = {
			isa = XCConfigurationList;
			buildConfigurations = (
				26DB3BDE225D48A800B5DFE2 /* Debug */,
				26DB3BDF225D48A800B5DFE2 /* Release */,
			);
			defaultConfigurationIsVisible = 0;
			defaultConfigurationName = Release;
		};
		26DB3BE0225D48A800B5DFE2 /* Build configuration list for PBXNativeTarget "videoPlayer" */ = {
			isa = XCConfigurationList;
			buildConfigurations = (
				26DB3BE1225D48A800B5DFE2 /* Debug */,
				26DB3BE2225D48A800B5DFE2 /* Release */,
			);
			defaultConfigurationIsVisible = 0;
			defaultConfigurationName = Release;
		};
		26DB3BE3225D48A800B5DFE2 /* Build configuration list for PBXNativeTarget "videoPlayerTests" */ = {
			isa = XCConfigurationList;
			buildConfigurations = (
				26DB3BE4225D48A800B5DFE2 /* Debug */,
				26DB3BE5225D48A800B5DFE2 /* Release */,
			);
			defaultConfigurationIsVisible = 0;
			defaultConfigurationName = Release;
		};
		26DB3BE6225D48A800B5DFE2 /* Build configuration list for PBXNativeTarget "videoPlayerUITests" */ = {
			isa = XCConfigurationList;
			buildConfigurations = (
				26DB3BE7225D48A800B5DFE2 /* Debug */,
				26DB3BE8225D48A800B5DFE2 /* Release */,
			);
			defaultConfigurationIsVisible = 0;
			defaultConfigurationName = Release;
		};
/* End XCConfigurationList section */

/* Begin XCVersionGroup section */
		26DB3BBF225D48A500B5DFE2 /* videoPlayer.xcdatamodeld */ = {
			isa = XCVersionGroup;
			children = (
				26DB3BC0225D48A500B5DFE2 /* videoPlayer.xcdatamodel */,
			);
			currentVersion = 26DB3BC0225D48A500B5DFE2 /* videoPlayer.xcdatamodel */;
			path = videoPlayer.xcdatamodeld;
			sourceTree = "<group>";
			versionGroupType = wrapper.xcdatamodel;
		};
/* End XCVersionGroup section */
	};
	rootObject = 26DB3BAD225D48A500B5DFE2 /* Project object */;
}
